
Microsoft Visual Studio Solution File, Format Version 12.00
# Visual Studio 15
VisualStudioVersion = 15.0.28307.2092
MinimumVisualStudioVersion = 10.0.40219.1
Project("{FAE04EC0-301F-11D3-BF4B-00C04F79EFBC}") = "1009_1", "1009_1\1009_1.csproj", "{7F2A126C-8C89-4C78-8FFA-CF6B46F176BF}"
EndProject
Global
	GlobalSection(SolutionConfigurationPlatforms) = preSolution
		Debug|Any CPU = Debug|Any CPU
		Release|Any CPU = Release|Any CPU
	EndGlobalSection
	GlobalSection(ProjectConfigurationPlatforms) = postSolution
		{7F2A126C-8C89-4C78-8FFA-CF6B46F176BF}.Debug|Any CPU.ActiveCfg = Debug|Any CPU
		{7F2A126C-8C89-4C78-8FFA-CF6B46F176BF}.Debug|Any CPU.Build.0 = Debug|Any CPU
		{7F2A126C-8C89-4C78-8FFA-CF6B46F176BF}.Release|Any CPU.ActiveCfg = Release|Any CPU
		{7F2A126C-8C89-4C78-8FFA-CF6B46F176BF}.Release|Any CPU.Build.0 = Release|Any CPU
	EndGlobalSection
	GlobalSection(SolutionProperties) = preSolution
		HideSolutionNode = FALSE
	EndGlobalSection
	GlobalSection(ExtensibilityGlobals) = postSolution
		SolutionGuid = {1623CD91-8BCD-4D01-B719-44E9E81B94BD}
	EndGlobalSection
EndGlobal
